
Microsoft Visual Studio Solution File, Format Version 12.00
# Visual Studio Version 17
VisualStudioVersion = 17.14.36915.13 d17.14
MinimumVisualStudioVersion = 10.0.40219.1
Project("{FAE04EC0-301F-11D3-BF4B-00C04F79EFBC}") = "buy-sell-project", "buy-sell-project\buy-sell-project.csproj", "{0FD077B3-6D38-4FF7-8A12-4A8BF7F9F467}"
EndProject
Global
	GlobalSection(SolutionConfigurationPlatforms) = preSolution
		Debug|Any CPU = Debug|Any CPU
		Release|Any CPU = Release|Any CPU
	EndGlobalSection
	GlobalSection(ProjectConfigurationPlatforms) = postSolution
		{0FD077B3-6D38-4FF7-8A12-4A8BF7F9F467}.Debug|Any CPU.ActiveCfg = Debug|Any CPU
		{0FD077B3-6D38-4FF7-8A12-4A8BF7F9F467}.Debug|Any CPU.Build.0 = Debug|Any CPU
		{0FD077B3-6D38-4FF7-8A12-4A8BF7F9F467}.Release|Any CPU.ActiveCfg = Release|Any CPU
		{0FD077B3-6D38-4FF7-8A12-4A8BF7F9F467}.Release|Any CPU.Build.0 = Release|Any CPU
	EndGlobalSection
	GlobalSection(SolutionProperties) = preSolution
		HideSolutionNode = FALSE
	EndGlobalSection
	GlobalSection(ExtensibilityGlobals) = postSolution
		SolutionGuid = {DA72A60D-8C88-4148-93FE-C11516A81F52}
	EndGlobalSection
EndGlobal
